
Microsoft Visual Studio Solution File, Format Version 12.00
# Visual Studio Version 17
VisualStudioVersion = 17.5.33627.172
MinimumVisualStudioVersion = 10.0.40219.1
Project("{FAE04EC0-301F-11D3-BF4B-00C04F79EFBC}") = "Restaurant", "Restaurant\Restaurant.csproj", "{A567D2B4-6C80-4593-8159-0D114A6730CD}"
EndProject
Project("{FAE04EC0-301F-11D3-BF4B-00C04F79EFBC}") = "BeeControl", "BeeControl\BeeControl.csproj", "{245490E0-2E0C-4311-B4A5-1AE44BE5A373}"
EndProject
Project("{FAE04EC0-301F-11D3-BF4B-00C04F79EFBC}") = "BeeControl_UserControl", "BeeControl_UserControl\BeeControl_UserControl.csproj", "{F61AA916-6E72-453F-A128-2D38C485571E}"
EndProject
Project("{FAE04EC0-301F-11D3-BF4B-00C04F79EFBC}") = "Colorful_project", "Colorful_project\Colorful_project.csproj", "{FEA3C1D6-4465-420F-9354-19A8D7CA2B4D}"
EndProject
Project("{FAE04EC0-301F-11D3-BF4B-00C04F79EFBC}") = "Delegates", "Delegates\Delegates.csproj", "{2DEE018D-7198-4712-8809-3C1D3E8E1CB0}"
EndProject
Project("{FAE04EC0-301F-11D3-BF4B-00C04F79EFBC}") = "Delegates_2", "Delegates_2\Delegates_2.csproj", "{3B891398-ED0A-4F7F-8733-6F73C6366866}"
EndProject
Project("{FAE04EC0-301F-11D3-BF4B-00C04F79EFBC}") = "House", "House\House.csproj", "{2B1334FA-6ECB-4F64-A130-955819FD47E6}"
EndProject
Project("{FAE04EC0-301F-11D3-BF4B-00C04F79EFBC}") = "House_game", "House_game\House_game.csproj", "{D1697687-25AE-47F1-A602-BA7D6D1043FB}"
EndProject
Project("{FAE04EC0-301F-11D3-BF4B-00C04F79EFBC}") = "House_2", "House_2\House_2.csproj", "{D2ED4B37-6443-4828-BB35-AB3D2367DD0B}"
EndProject
Project("{FAE04EC0-301F-11D3-BF4B-00C04F79EFBC}") = "Print", "Print\Print.csproj", "{87D24A3C-A819-4CA0-A70B-7D5220040C1A}"
EndProject
Project("{FAE04EC0-301F-11D3-BF4B-00C04F79EFBC}") = "Lumberjack_pancakes", "Lumberjack_pancakes\Lumberjack_pancakes.csproj", "{5FFDFE30-9BEC-4777-8E94-AE5DA66BF4B1}"
EndProject
Project("{FAE04EC0-301F-11D3-BF4B-00C04F79EFBC}") = "Inheritance", "Inheritance\Inheritance.csproj", "{AB5B035A-2535-494B-BE41-C0EE7BE5484E}"
EndProject
Project("{FAE04EC0-301F-11D3-BF4B-00C04F79EFBC}") = "Inheritance_test", "Inheritance_test\Inheritance_test.csproj", "{A0F62092-D6A0-41E9-8878-741DC686F11B}"
EndProject
Project("{FAE04EC0-301F-11D3-BF4B-00C04F79EFBC}") = "Racing", "Racing\Racing.csproj", "{1C396213-CE40-4844-BF63-538F763B6AD4}"
EndProject
Project("{FAE04EC0-301F-11D3-BF4B-00C04F79EFBC}") = "Farmer", "Farmer\Farmer.csproj", "{4283C52A-87DA-45DF-B0F8-0714584AAEA6}"
EndProject
Project("{FAE04EC0-301F-11D3-BF4B-00C04F79EFBC}") = "Game_go_fishing", "Game_go_fishing\Game_go_fishing.csproj", "{7D6B022F-E9D1-4D17-9D1F-FDFA88ECECF9}"
EndProject
Project("{FAE04EC0-301F-11D3-BF4B-00C04F79EFBC}") = "Letter_game", "Letter_game\Letter_game.csproj", "{BED2380E-EF02-42E7-BBD9-06B8F25ABB3B}"
EndProject
Project("{FAE04EC0-301F-11D3-BF4B-00C04F79EFBC}") = "Adventure_game_Expedition", "Adventure_game_Expedition\Adventure_game_Expedition.csproj", "{E76E0869-0672-4ADE-9093-1232974BF76D}"
EndProject
Project("{FAE04EC0-301F-11D3-BF4B-00C04F79EFBC}") = "Graphics_1", "Graphics_1\Graphics_1.csproj", "{60F05CFF-0B34-46C1-AA2C-EA704B1ECC86}"
EndProject
Project("{FAE04EC0-301F-11D3-BF4B-00C04F79EFBC}") = "Graphics_2", "Graphics_2\Graphics_2.csproj", "{CE897593-176C-42F9-942E-2256DB958762}"
EndProject
Project("{FAE04EC0-301F-11D3-BF4B-00C04F79EFBC}") = "Graphics_3", "Graphics_3\Graphics_3.csproj", "{9A984FC5-66CA-4DE9-9542-3115067A7B44}"
EndProject
Project("{FAE04EC0-301F-11D3-BF4B-00C04F79EFBC}") = "Hexdumper", "Hexdumper\Hexdumper.csproj", "{C976AD2F-9C6D-4053-BAED-3116B07A11E8}"
EndProject
Project("{FAE04EC0-301F-11D3-BF4B-00C04F79EFBC}") = "Interface_1", "Interface_1\Interface_1.csproj", "{8837BF3E-0E4F-4498-9DB3-4B82A9B3CEA9}"
EndProject
Project("{FAE04EC0-301F-11D3-BF4B-00C04F79EFBC}") = "Interface_2", "Interface_2\Interface_2.csproj", "{FA61698E-1D6D-4F24-AF00-EF1CE26AD346}"
EndProject
Project("{FAE04EC0-301F-11D3-BF4B-00C04F79EFBC}") = "Interface_3", "Interface_3\Interface_3.csproj", "{E0A9FE9A-82FA-418F-AF7A-EE58A43A28A0}"
EndProject
Project("{FAE04EC0-301F-11D3-BF4B-00C04F79EFBC}") = "Invaders", "Invaders_old\Invaders.csproj", "{C8BE8747-2FF7-4DA6-A886-7EAE5946A148}"
EndProject
Project("{FAE04EC0-301F-11D3-BF4B-00C04F79EFBC}") = "Sorting", "Sorting\Sorting.csproj", "{FC13F80B-4AA9-4465-B513-D8CF881F22AF}"
EndProject
Project("{FAE04EC0-301F-11D3-BF4B-00C04F79EFBC}") = "Travel_cost_calculator", "Travel_cost_calculator\Travel_cost_calculator.csproj", "{916EA2ED-F17B-41F9-AF7F-B42F4B2C28F1}"
EndProject
Project("{FAE04EC0-301F-11D3-BF4B-00C04F79EFBC}") = "Lists", "Lists\Lists.csproj", "{8F868A75-1AEA-4374-857E-E8D392760854}"
EndProject
Project("{FAE04EC0-301F-11D3-BF4B-00C04F79EFBC}") = "Console_1", "Console_1\Console_1.csproj", "{8A647C27-4016-45A3-9DB3-16FD3623CE37}"
EndProject
Project("{FAE04EC0-301F-11D3-BF4B-00C04F79EFBC}") = "Constructors", "Constructors\Constructors.csproj", "{E33F62DE-EB8D-42E5-B72E-3AEF73ECB953}"
EndProject
Project("{FAE04EC0-301F-11D3-BF4B-00C04F79EFBC}") = "Contacts", "Contacts\Contacts.csproj", "{1D95813D-7D03-4E07-8844-A62B4831A5B5}"
EndProject
Project("{FAE04EC0-301F-11D3-BF4B-00C04F79EFBC}") = "Magnets_Extension_methods", "Magnets_Extension_methods\Magnets_Extension_methods.csproj", "{5D6FFA74-4CC1-4AD8-9083-97BE3D600237}"
EndProject
Project("{FAE04EC0-301F-11D3-BF4B-00C04F79EFBC}") = "Magnets_Exceptions", "Magnets_Exceptions\Magnets_Exceptions.csproj", "{13D39651-CC0D-494F-909E-669648AF19AC}"
EndProject
Project("{FAE04EC0-301F-11D3-BF4B-00C04F79EFBC}") = "Press_key", "Press_key\Press_key.csproj", "{98FFE287-EDFF-46C1-A174-3F42EA90D8F4}"
EndProject
Project("{FAE04EC0-301F-11D3-BF4B-00C04F79EFBC}") = "Dialogs_open_save", "Dialogs_open_save\Dialogs_open_save.csproj", "{E6C55FE3-33A8-4556-9364-AA616DD295AD}"
EndProject
Project("{FAE04EC0-301F-11D3-BF4B-00C04F79EFBC}") = "Party_organization", "Party_organization\Party_organization.csproj", "{EC8FFCAC-F13A-4A36-88BE-4A5C94043398}"
EndProject
Project("{FAE04EC0-301F-11D3-BF4B-00C04F79EFBC}") = "Party_organization_2", "Party_organization_2\Party_organization_2.csproj", "{1862FF68-DD41-4448-AB18-566546528A0D}"
EndProject
Project("{FAE04EC0-301F-11D3-BF4B-00C04F79EFBC}") = "Party_organization_3", "Party_organization_3\Party_organization_3.csproj", "{C2CD001F-C895-4804-BB40-9E993BD09762}"
EndProject
Project("{FAE04EC0-301F-11D3-BF4B-00C04F79EFBC}") = "Party_organization_4", "Party_organization_4\Party_organization_4.csproj", "{FBBD72CA-0395-4C1D-9E8E-957455A07183}"
EndProject
Project("{FAE04EC0-301F-11D3-BF4B-00C04F79EFBC}") = "Borrowing_money", "Borrowing_money\Borrowing_money.csproj", "{5317EC45-0EFD-4BB3-A4F8-845708966C4F}"
EndProject
Project("{FAE04EC0-301F-11D3-BF4B-00C04F79EFBC}") = "Borrowing_money_2", "Borrowing_money_2\Borrowing_money_2.csproj", "{18C935E5-9579-4981-855E-4159AF5B42EA}"
EndProject
Project("{FAE04EC0-301F-11D3-BF4B-00C04F79EFBC}") = "Test_project", "Test_project\Test_project.csproj", "{6E0D1D5B-D41E-4308-8CB8-206F54E7CD02}"
EndProject
Project("{FAE04EC0-301F-11D3-BF4B-00C04F79EFBC}") = "Birds", "Birds\Birds.csproj", "{84A92F1F-8B7C-4015-8CFD-E57CDFA41198}"
EndProject
Project("{FAE04EC0-301F-11D3-BF4B-00C04F79EFBC}") = "Elephants", "Elephants\Elephants.csproj", "{0CE1E10D-3D2E-46FF-88F2-66A55CF331C3}"
EndProject
Project("{FAE04EC0-301F-11D3-BF4B-00C04F79EFBC}") = "Dictionary", "Dictionary\Dictionary.csproj", "{A8D6E859-EA31-4B8E-85E5-6ABC03D0A596}"
EndProject
Project("{FAE04EC0-301F-11D3-BF4B-00C04F79EFBC}") = "Magnets_StreamWriter", "Magnets_StreamWriter\Magnets_StreamWriter.csproj", "{2CE2CBEF-61A6-49B0-8522-EE143C7D49D6}"
EndProject
Project("{FAE04EC0-301F-11D3-BF4B-00C04F79EFBC}") = "Hive_simulator", "Hive_simulator\Hive_simulator.csproj", "{18237D7C-CE83-4B37-8B43-68B0FCA2A284}"
EndProject
Project("{FAE04EC0-301F-11D3-BF4B-00C04F79EFBC}") = "Hive_simulator_2", "Hive_simulator_2\Hive_simulator_2.csproj", "{5F047B05-C29B-49AF-B3BD-D6BCA1DDA1E5}"
EndProject
Project("{FAE04EC0-301F-11D3-BF4B-00C04F79EFBC}") = "Hive_management_system", "Hive_management_system\Hive_management_system.csproj", "{8D278094-4C46-4B49-8E2D-0AEC6D12774D}"
EndProject
Project("{FAE04EC0-301F-11D3-BF4B-00C04F79EFBC}") = "Hive_management_system_2", "Hive_management_system_2\Hive_management_system_2.csproj", "{C187B764-C925-4E98-AB3A-6C386B75F585}"
EndProject
Project("{FAE04EC0-301F-11D3-BF4B-00C04F79EFBC}") = "Deck_of_cards", "Deck_of_cards\Deck_of_cards.csproj", "{326D4F12-89C0-4897-B5E0-C3F985962E68}"
EndProject
Project("{FAE04EC0-301F-11D3-BF4B-00C04F79EFBC}") = "Deck_of_cards_sorting", "Deck_of_cards_sorting\Deck_of_cards_sorting.csproj", "{08136C6C-137C-4CB9-92F9-F9CA1C0BB447}"
EndProject
Project("{FAE04EC0-301F-11D3-BF4B-00C04F79EFBC}") = "Deck_of_cards_serialization_to_file", "Deck_of_cards_serialization_to_file\Deck_of_cards_serialization_to_file.csproj", "{521F3459-E2BA-498E-9198-A096C9A9FFF5}"
EndProject
Project("{FAE04EC0-301F-11D3-BF4B-00C04F79EFBC}") = "New_class_tests", "New_class_tests\New_class_tests.csproj", "{C8BD5A60-4D5C-4F28-9581-02B37C2A75EA}"
EndProject
Project("{FAE04EC0-301F-11D3-BF4B-00C04F79EFBC}") = "Timer_test", "Timer_test\Timer_test.csproj", "{A3F47FB6-94C5-42D6-83DE-5C8DEBA5CAF1}"
EndProject
Project("{FAE04EC0-301F-11D3-BF4B-00C04F79EFBC}") = "Unicode", "Unicode\Unicode.csproj", "{7A42DFAB-6CA6-4281-A00D-4196E68E5E84}"
EndProject
Project("{FAE04EC0-301F-11D3-BF4B-00C04F79EFBC}") = "Hit_mole", "Hit_mole\Hit_mole.csproj", "{88A98244-47A3-4D0E-AACD-4CBA074B0DBB}"
EndProject
Project("{FAE04EC0-301F-11D3-BF4B-00C04F79EFBC}") = "Fiji_island", "Fiji_island\Fiji_island.csproj", "{1F5F9FE1-2797-4857-8F47-A490AF7CD648}"
EndProject
Project("{FAE04EC0-301F-11D3-BF4B-00C04F79EFBC}") = "If_else_statements", "If_else_statements\If_else_statements.csproj", "{3AF2CE9E-DDBE-4F86-8B8F-FCAD91C7CE99}"
EndProject
Project("{FAE04EC0-301F-11D3-BF4B-00C04F79EFBC}") = "Riddle_pool_1", "Riddle_pool_1\Riddle_pool_1.csproj", "{914CFA65-7353-4EC0-933C-C879ECA54CCE}"
EndProject
Project("{FAE04EC0-301F-11D3-BF4B-00C04F79EFBC}") = "Riddle_pool_2", "Riddle_pool_2\Riddle_pool_2.csproj", "{D33654EA-C1E2-4D17-B0B1-66B3762F8768}"
EndProject
Project("{FAE04EC0-301F-11D3-BF4B-00C04F79EFBC}") = "Riddle_pool_3", "Riddle_pool_3\Riddle_pool_3.csproj", "{EE549AD4-EE6D-4350-AD69-09C2B27897FC}"
EndProject
Project("{FAE04EC0-301F-11D3-BF4B-00C04F79EFBC}") = "Riddle_pool_4", "Riddle_pool_4\Riddle_pool_4.csproj", "{5200B974-558A-4974-B8E7-57E172A1B0AB}"
EndProject
Project("{FAE04EC0-301F-11D3-BF4B-00C04F79EFBC}") = "Riddle_pool_5", "Riddle_pool_5\Riddle_pool_5.csproj", "{F610C35C-EEDE-4645-A214-F53B86EB5A8E}"
EndProject
Project("{FAE04EC0-301F-11D3-BF4B-00C04F79EFBC}") = "Riddle_pool_6", "Riddle_pool_6\Riddle_pool_6.csproj", "{29E72B95-3629-42A1-BC51-1738804F0F4C}"
EndProject
Project("{FAE04EC0-301F-11D3-BF4B-00C04F79EFBC}") = "Binary_data", "Binary_data\Binary_data.csproj", "{C01940D0-9B6D-4F94-A55A-AAD8233E737C}"
EndProject
Project("{FAE04EC0-301F-11D3-BF4B-00C04F79EFBC}") = "Excuses_management", "Excuses_management\Excuses_management.csproj", "{AF5ABE51-FA7F-4EB9-9DF7-79DB6A4AB176}"
EndProject
Project("{FAE04EC0-301F-11D3-BF4B-00C04F79EFBC}") = "Excuses_management_2", "Excuses_management_2\Excuses_management_2.csproj", "{6A4A89F2-71C9-401B-B57D-5BBD40E11E87}"
EndProject
Project("{FAE04EC0-301F-11D3-BF4B-00C04F79EFBC}") = "Events_1", "Events_1\Events_1.csproj", "{744F43B0-971A-4676-AF06-31E08349A1E6}"
EndProject
Project("{FAE04EC0-301F-11D3-BF4B-00C04F79EFBC}") = "Events_2", "Events_2\Events_2.csproj", "{317CCA70-7163-40C8-8EC3-35A29EFC8B7F}"
EndProject
Global
	GlobalSection(SolutionConfigurationPlatforms) = preSolution
		Debug|Any CPU = Debug|Any CPU
		Release|Any CPU = Release|Any CPU
	EndGlobalSection
	GlobalSection(ProjectConfigurationPlatforms) = postSolution
		{A567D2B4-6C80-4593-8159-0D114A6730CD}.Debug|Any CPU.ActiveCfg = Debug|Any CPU
		{A567D2B4-6C80-4593-8159-0D114A6730CD}.Debug|Any CPU.Build.0 = Debug|Any CPU
		{A567D2B4-6C80-4593-8159-0D114A6730CD}.Release|Any CPU.ActiveCfg = Release|Any CPU
		{A567D2B4-6C80-4593-8159-0D114A6730CD}.Release|Any CPU.Build.0 = Release|Any CPU
		{245490E0-2E0C-4311-B4A5-1AE44BE5A373}.Debug|Any CPU.ActiveCfg = Debug|Any CPU
		{245490E0-2E0C-4311-B4A5-1AE44BE5A373}.Debug|Any CPU.Build.0 = Debug|Any CPU
		{245490E0-2E0C-4311-B4A5-1AE44BE5A373}.Release|Any CPU.ActiveCfg = Release|Any CPU
		{245490E0-2E0C-4311-B4A5-1AE44BE5A373}.Release|Any CPU.Build.0 = Release|Any CPU
		{F61AA916-6E72-453F-A128-2D38C485571E}.Debug|Any CPU.ActiveCfg = Debug|Any CPU
		{F61AA916-6E72-453F-A128-2D38C485571E}.Debug|Any CPU.Build.0 = Debug|Any CPU
		{F61AA916-6E72-453F-A128-2D38C485571E}.Release|Any CPU.ActiveCfg = Release|Any CPU
		{F61AA916-6E72-453F-A128-2D38C485571E}.Release|Any CPU.Build.0 = Release|Any CPU
		{FEA3C1D6-4465-420F-9354-19A8D7CA2B4D}.Debug|Any CPU.ActiveCfg = Debug|Any CPU
		{FEA3C1D6-4465-420F-9354-19A8D7CA2B4D}.Debug|Any CPU.Build.0 = Debug|Any CPU
		{FEA3C1D6-4465-420F-9354-19A8D7CA2B4D}.Release|Any CPU.ActiveCfg = Release|Any CPU
		{FEA3C1D6-4465-420F-9354-19A8D7CA2B4D}.Release|Any CPU.Build.0 = Release|Any CPU
		{2DEE018D-7198-4712-8809-3C1D3E8E1CB0}.Debug|Any CPU.ActiveCfg = Debug|Any CPU
		{2DEE018D-7198-4712-8809-3C1D3E8E1CB0}.Debug|Any CPU.Build.0 = Debug|Any CPU
		{2DEE018D-7198-4712-8809-3C1D3E8E1CB0}.Release|Any CPU.ActiveCfg = Release|Any CPU
		{2DEE018D-7198-4712-8809-3C1D3E8E1CB0}.Release|Any CPU.Build.0 = Release|Any CPU
		{3B891398-ED0A-4F7F-8733-6F73C6366866}.Debug|Any CPU.ActiveCfg = Debug|Any CPU
		{3B891398-ED0A-4F7F-8733-6F73C6366866}.Debug|Any CPU.Build.0 = Debug|Any CPU
		{3B891398-ED0A-4F7F-8733-6F73C6366866}.Release|Any CPU.ActiveCfg = Release|Any CPU
		{3B891398-ED0A-4F7F-8733-6F73C6366866}.Release|Any CPU.Build.0 = Release|Any CPU
		{2B1334FA-6ECB-4F64-A130-955819FD47E6}.Debug|Any CPU.ActiveCfg = Debug|Any CPU
		{2B1334FA-6ECB-4F64-A130-955819FD47E6}.Debug|Any CPU.Build.0 = Debug|Any CPU
		{2B1334FA-6ECB-4F64-A130-955819FD47E6}.Release|Any CPU.ActiveCfg = Release|Any CPU
		{2B1334FA-6ECB-4F64-A130-955819FD47E6}.Release|Any CPU.Build.0 = Release|Any CPU
		{D1697687-25AE-47F1-A602-BA7D6D1043FB}.Debug|Any CPU.ActiveCfg = Debug|Any CPU
		{D1697687-25AE-47F1-A602-BA7D6D1043FB}.Debug|Any CPU.Build.0 = Debug|Any CPU
		{D1697687-25AE-47F1-A602-BA7D6D1043FB}.Release|Any CPU.ActiveCfg = Release|Any CPU
		{D1697687-25AE-47F1-A602-BA7D6D1043FB}.Release|Any CPU.Build.0 = Release|Any CPU
		{D2ED4B37-6443-4828-BB35-AB3D2367DD0B}.Debug|Any CPU.ActiveCfg = Debug|Any CPU
		{D2ED4B37-6443-4828-BB35-AB3D2367DD0B}.Debug|Any CPU.Build.0 = Debug|Any CPU
		{D2ED4B37-6443-4828-BB35-AB3D2367DD0B}.Release|Any CPU.ActiveCfg = Release|Any CPU
		{D2ED4B37-6443-4828-BB35-AB3D2367DD0B}.Release|Any CPU.Build.0 = Release|Any CPU
		{87D24A3C-A819-4CA0-A70B-7D5220040C1A}.Debug|Any CPU.ActiveCfg = Debug|Any CPU
		{87D24A3C-A819-4CA0-A70B-7D5220040C1A}.Debug|Any CPU.Build.0 = Debug|Any CPU
		{87D24A3C-A819-4CA0-A70B-7D5220040C1A}.Release|Any CPU.ActiveCfg = Release|Any CPU
		{87D24A3C-A819-4CA0-A70B-7D5220040C1A}.Release|Any CPU.Build.0 = Release|Any CPU
		{5FFDFE30-9BEC-4777-8E94-AE5DA66BF4B1}.Debug|Any CPU.ActiveCfg = Debug|Any CPU
		{5FFDFE30-9BEC-4777-8E94-AE5DA66BF4B1}.Debug|Any CPU.Build.0 = Debug|Any CPU
		{5FFDFE30-9BEC-4777-8E94-AE5DA66BF4B1}.Release|Any CPU.ActiveCfg = Release|Any CPU
		{5FFDFE30-9BEC-4777-8E94-AE5DA66BF4B1}.Release|Any CPU.Build.0 = Release|Any CPU
		{AB5B035A-2535-494B-BE41-C0EE7BE5484E}.Debug|Any CPU.ActiveCfg = Debug|Any CPU
		{AB5B035A-2535-494B-BE41-C0EE7BE5484E}.Debug|Any CPU.Build.0 = Debug|Any CPU
		{AB5B035A-2535-494B-BE41-C0EE7BE5484E}.Release|Any CPU.ActiveCfg = Release|Any CPU
		{AB5B035A-2535-494B-BE41-C0EE7BE5484E}.Release|Any CPU.Build.0 = Release|Any CPU
		{A0F62092-D6A0-41E9-8878-741DC686F11B}.Debug|Any CPU.ActiveCfg = Debug|Any CPU
		{A0F62092-D6A0-41E9-8878-741DC686F11B}.Debug|Any CPU.Build.0 = Debug|Any CPU
		{A0F62092-D6A0-41E9-8878-741DC686F11B}.Release|Any CPU.ActiveCfg = Release|Any CPU
		{A0F62092-D6A0-41E9-8878-741DC686F11B}.Release|Any CPU.Build.0 = Release|Any CPU
		{1C396213-CE40-4844-BF63-538F763B6AD4}.Debug|Any CPU.ActiveCfg = Debug|Any CPU
		{1C396213-CE40-4844-BF63-538F763B6AD4}.Debug|Any CPU.Build.0 = Debug|Any CPU
		{1C396213-CE40-4844-BF63-538F763B6AD4}.Release|Any CPU.ActiveCfg = Release|Any CPU
		{1C396213-CE40-4844-BF63-538F763B6AD4}.Release|Any CPU.Build.0 = Release|Any CPU
		{4283C52A-87DA-45DF-B0F8-0714584AAEA6}.Debug|Any CPU.ActiveCfg = Debug|Any CPU
		{4283C52A-87DA-45DF-B0F8-0714584AAEA6}.Debug|Any CPU.Build.0 = Debug|Any CPU
		{4283C52A-87DA-45DF-B0F8-0714584AAEA6}.Release|Any CPU.ActiveCfg = Release|Any CPU
		{4283C52A-87DA-45DF-B0F8-0714584AAEA6}.Release|Any CPU.Build.0 = Release|Any CPU
		{7D6B022F-E9D1-4D17-9D1F-FDFA88ECECF9}.Debug|Any CPU.ActiveCfg = Debug|Any CPU
		{7D6B022F-E9D1-4D17-9D1F-FDFA88ECECF9}.Debug|Any CPU.Build.0 = Debug|Any CPU
		{7D6B022F-E9D1-4D17-9D1F-FDFA88ECECF9}.Release|Any CPU.ActiveCfg = Release|Any CPU
		{7D6B022F-E9D1-4D17-9D1F-FDFA88ECECF9}.Release|Any CPU.Build.0 = Release|Any CPU
		{BED2380E-EF02-42E7-BBD9-06B8F25ABB3B}.Debug|Any CPU.ActiveCfg = Debug|Any CPU
		{BED2380E-EF02-42E7-BBD9-06B8F25ABB3B}.Debug|Any CPU.Build.0 = Debug|Any CPU
		{BED2380E-EF02-42E7-BBD9-06B8F25ABB3B}.Release|Any CPU.ActiveCfg = Release|Any CPU
		{BED2380E-EF02-42E7-BBD9-06B8F25ABB3B}.Release|Any CPU.Build.0 = Release|Any CPU
		{E76E0869-0672-4ADE-9093-1232974BF76D}.Debug|Any CPU.ActiveCfg = Debug|Any CPU
		{E76E0869-0672-4ADE-9093-1232974BF76D}.Debug|Any CPU.Build.0 = Debug|Any CPU
		{E76E0869-0672-4ADE-9093-1232974BF76D}.Release|Any CPU.ActiveCfg = Release|Any CPU
		{E76E0869-0672-4ADE-9093-1232974BF76D}.Release|Any CPU.Build.0 = Release|Any CPU
		{60F05CFF-0B34-46C1-AA2C-EA704B1ECC86}.Debug|Any CPU.ActiveCfg = Debug|Any CPU
		{60F05CFF-0B34-46C1-AA2C-EA704B1ECC86}.Debug|Any CPU.Build.0 = Debug|Any CPU
		{60F05CFF-0B34-46C1-AA2C-EA704B1ECC86}.Release|Any CPU.ActiveCfg = Release|Any CPU
		{60F05CFF-0B34-46C1-AA2C-EA704B1ECC86}.Release|Any CPU.Build.0 = Release|Any CPU
		{CE897593-176C-42F9-942E-2256DB958762}.Debug|Any CPU.ActiveCfg = Debug|Any CPU
		{CE897593-176C-42F9-942E-2256DB958762}.Debug|Any CPU.Build.0 = Debug|Any CPU
		{CE897593-176C-42F9-942E-2256DB958762}.Release|Any CPU.ActiveCfg = Release|Any CPU
		{CE897593-176C-42F9-942E-2256DB958762}.Release|Any CPU.Build.0 = Release|Any CPU
		{9A984FC5-66CA-4DE9-9542-3115067A7B44}.Debug|Any CPU.ActiveCfg = Debug|Any CPU
		{9A984FC5-66CA-4DE9-9542-3115067A7B44}.Debug|Any CPU.Build.0 = Debug|Any CPU
		{9A984FC5-66CA-4DE9-9542-3115067A7B44}.Release|Any CPU.ActiveCfg = Release|Any CPU
		{9A984FC5-66CA-4DE9-9542-3115067A7B44}.Release|Any CPU.Build.0 = Release|Any CPU
		{C976AD2F-9C6D-4053-BAED-3116B07A11E8}.Debug|Any CPU.ActiveCfg = Debug|Any CPU
		{C976AD2F-9C6D-4053-BAED-3116B07A11E8}.Debug|Any CPU.Build.0 = Debug|Any CPU
		{C976AD2F-9C6D-4053-BAED-3116B07A11E8}.Release|Any CPU.ActiveCfg = Release|Any CPU
		{C976AD2F-9C6D-4053-BAED-3116B07A11E8}.Release|Any CPU.Build.0 = Release|Any CPU
		{8837BF3E-0E4F-4498-9DB3-4B82A9B3CEA9}.Debug|Any CPU.ActiveCfg = Debug|Any CPU
		{8837BF3E-0E4F-4498-9DB3-4B82A9B3CEA9}.Debug|Any CPU.Build.0 = Debug|Any CPU
		{8837BF3E-0E4F-4498-9DB3-4B82A9B3CEA9}.Release|Any CPU.ActiveCfg = Release|Any CPU
		{8837BF3E-0E4F-4498-9DB3-4B82A9B3CEA9}.Release|Any CPU.Build.0 = Release|Any CPU
		{FA61698E-1D6D-4F24-AF00-EF1CE26AD346}.Debug|Any CPU.ActiveCfg = Debug|Any CPU
		{FA61698E-1D6D-4F24-AF00-EF1CE26AD346}.Debug|Any CPU.Build.0 = Debug|Any CPU
		{FA61698E-1D6D-4F24-AF00-EF1CE26AD346}.Release|Any CPU.ActiveCfg = Release|Any CPU
		{FA61698E-1D6D-4F24-AF00-EF1CE26AD346}.Release|Any CPU.Build.0 = Release|Any CPU
		{E0A9FE9A-82FA-418F-AF7A-EE58A43A28A0}.Debug|Any CPU.ActiveCfg = Debug|Any CPU
		{E0A9FE9A-82FA-418F-AF7A-EE58A43A28A0}.Debug|Any CPU.Build.0 = Debug|Any CPU
		{E0A9FE9A-82FA-418F-AF7A-EE58A43A28A0}.Release|Any CPU.ActiveCfg = Release|Any CPU
		{E0A9FE9A-82FA-418F-AF7A-EE58A43A28A0}.Release|Any CPU.Build.0 = Release|Any CPU
		{C8BE8747-2FF7-4DA6-A886-7EAE5946A148}.Debug|Any CPU.ActiveCfg = Debug|Any CPU
		{C8BE8747-2FF7-4DA6-A886-7EAE5946A148}.Debug|Any CPU.Build.0 = Debug|Any CPU
		{C8BE8747-2FF7-4DA6-A886-7EAE5946A148}.Release|Any CPU.ActiveCfg = Release|Any CPU
		{C8BE8747-2FF7-4DA6-A886-7EAE5946A148}.Release|Any CPU.Build.0 = Release|Any CPU
		{FC13F80B-4AA9-4465-B513-D8CF881F22AF}.Debug|Any CPU.ActiveCfg = Debug|Any CPU
		{FC13F80B-4AA9-4465-B513-D8CF881F22AF}.Debug|Any CPU.Build.0 = Debug|Any CPU
		{FC13F80B-4AA9-4465-B513-D8CF881F22AF}.Release|Any CPU.ActiveCfg = Release|Any CPU
		{FC13F80B-4AA9-4465-B513-D8CF881F22AF}.Release|Any CPU.Build.0 = Release|Any CPU
		{916EA2ED-F17B-41F9-AF7F-B42F4B2C28F1}.Debug|Any CPU.ActiveCfg = Debug|Any CPU
		{916EA2ED-F17B-41F9-AF7F-B42F4B2C28F1}.Debug|Any CPU.Build.0 = Debug|Any CPU
		{916EA2ED-F17B-41F9-AF7F-B42F4B2C28F1}.Release|Any CPU.ActiveCfg = Release|Any CPU
		{916EA2ED-F17B-41F9-AF7F-B42F4B2C28F1}.Release|Any CPU.Build.0 = Release|Any CPU
		{8F868A75-1AEA-4374-857E-E8D392760854}.Debug|Any CPU.ActiveCfg = Debug|Any CPU
		{8F868A75-1AEA-4374-857E-E8D392760854}.Debug|Any CPU.Build.0 = Debug|Any CPU
		{8F868A75-1AEA-4374-857E-E8D392760854}.Release|Any CPU.ActiveCfg = Release|Any CPU
		{8F868A75-1AEA-4374-857E-E8D392760854}.Release|Any CPU.Build.0 = Release|Any CPU
		{8A647C27-4016-45A3-9DB3-16FD3623CE37}.Debug|Any CPU.ActiveCfg = Debug|Any CPU
		{8A647C27-4016-45A3-9DB3-16FD3623CE37}.Debug|Any CPU.Build.0 = Debug|Any CPU
		{8A647C27-4016-45A3-9DB3-16FD3623CE37}.Release|Any CPU.ActiveCfg = Release|Any CPU
		{8A647C27-4016-45A3-9DB3-16FD3623CE37}.Release|Any CPU.Build.0 = Release|Any CPU
		{E33F62DE-EB8D-42E5-B72E-3AEF73ECB953}.Debug|Any CPU.ActiveCfg = Debug|Any CPU
		{E33F62DE-EB8D-42E5-B72E-3AEF73ECB953}.Debug|Any CPU.Build.0 = Debug|Any CPU
		{E33F62DE-EB8D-42E5-B72E-3AEF73ECB953}.Release|Any CPU.ActiveCfg = Release|Any CPU
		{E33F62DE-EB8D-42E5-B72E-3AEF73ECB953}.Release|Any CPU.Build.0 = Release|Any CPU
		{1D95813D-7D03-4E07-8844-A62B4831A5B5}.Debug|Any CPU.ActiveCfg = Debug|Any CPU
		{1D95813D-7D03-4E07-8844-A62B4831A5B5}.Debug|Any CPU.Build.0 = Debug|Any CPU
		{1D95813D-7D03-4E07-8844-A62B4831A5B5}.Release|Any CPU.ActiveCfg = Release|Any CPU
		{1D95813D-7D03-4E07-8844-A62B4831A5B5}.Release|Any CPU.Build.0 = Release|Any CPU
		{5D6FFA74-4CC1-4AD8-9083-97BE3D600237}.Debug|Any CPU.ActiveCfg = Debug|Any CPU
		{5D6FFA74-4CC1-4AD8-9083-97BE3D600237}.Debug|Any CPU.Build.0 = Debug|Any CPU
		{5D6FFA74-4CC1-4AD8-9083-97BE3D600237}.Release|Any CPU.ActiveCfg = Release|Any CPU
		{5D6FFA74-4CC1-4AD8-9083-97BE3D600237}.Release|Any CPU.Build.0 = Release|Any CPU
		{13D39651-CC0D-494F-909E-669648AF19AC}.Debug|Any CPU.ActiveCfg = Debug|Any CPU
		{13D39651-CC0D-494F-909E-669648AF19AC}.Debug|Any CPU.Build.0 = Debug|Any CPU
		{13D39651-CC0D-494F-909E-669648AF19AC}.Release|Any CPU.ActiveCfg = Release|Any CPU
		{13D39651-CC0D-494F-909E-669648AF19AC}.Release|Any CPU.Build.0 = Release|Any CPU
		{98FFE287-EDFF-46C1-A174-3F42EA90D8F4}.Debug|Any CPU.ActiveCfg = Debug|Any CPU
		{98FFE287-EDFF-46C1-A174-3F42EA90D8F4}.Debug|Any CPU.Build.0 = Debug|Any CPU
		{98FFE287-EDFF-46C1-A174-3F42EA90D8F4}.Release|Any CPU.ActiveCfg = Release|Any CPU
		{98FFE287-EDFF-46C1-A174-3F42EA90D8F4}.Release|Any CPU.Build.0 = Release|Any CPU
		{E6C55FE3-33A8-4556-9364-AA616DD295AD}.Debug|Any CPU.ActiveCfg = Debug|Any CPU
		{E6C55FE3-33A8-4556-9364-AA616DD295AD}.Debug|Any CPU.Build.0 = Debug|Any CPU
		{E6C55FE3-33A8-4556-9364-AA616DD295AD}.Release|Any CPU.ActiveCfg = Release|Any CPU
		{E6C55FE3-33A8-4556-9364-AA616DD295AD}.Release|Any CPU.Build.0 = Release|Any CPU
		{EC8FFCAC-F13A-4A36-88BE-4A5C94043398}.Debug|Any CPU.ActiveCfg = Debug|Any CPU
		{EC8FFCAC-F13A-4A36-88BE-4A5C94043398}.Debug|Any CPU.Build.0 = Debug|Any CPU
		{EC8FFCAC-F13A-4A36-88BE-4A5C94043398}.Release|Any CPU.ActiveCfg = Release|Any CPU
		{EC8FFCAC-F13A-4A36-88BE-4A5C94043398}.Release|Any CPU.Build.0 = Release|Any CPU
		{1862FF68-DD41-4448-AB18-566546528A0D}.Debug|Any CPU.ActiveCfg = Debug|Any CPU
		{1862FF68-DD41-4448-AB18-566546528A0D}.Debug|Any CPU.Build.0 = Debug|Any CPU
		{1862FF68-DD41-4448-AB18-566546528A0D}.Release|Any CPU.ActiveCfg = Release|Any CPU
		{1862FF68-DD41-4448-AB18-566546528A0D}.Release|Any CPU.Build.0 = Release|Any CPU
		{C2CD001F-C895-4804-BB40-9E993BD09762}.Debug|Any CPU.ActiveCfg = Debug|Any CPU
		{C2CD001F-C895-4804-BB40-9E993BD09762}.Debug|Any CPU.Build.0 = Debug|Any CPU
		{C2CD001F-C895-4804-BB40-9E993BD09762}.Release|Any CPU.ActiveCfg = Release|Any CPU
		{C2CD001F-C895-4804-BB40-9E993BD09762}.Release|Any CPU.Build.0 = Release|Any CPU
		{FBBD72CA-0395-4C1D-9E8E-957455A07183}.Debug|Any CPU.ActiveCfg = Debug|Any CPU
		{FBBD72CA-0395-4C1D-9E8E-957455A07183}.Debug|Any CPU.Build.0 = Debug|Any CPU
		{FBBD72CA-0395-4C1D-9E8E-957455A07183}.Release|Any CPU.ActiveCfg = Release|Any CPU
		{FBBD72CA-0395-4C1D-9E8E-957455A07183}.Release|Any CPU.Build.0 = Release|Any CPU
		{5317EC45-0EFD-4BB3-A4F8-845708966C4F}.Debug|Any CPU.ActiveCfg = Debug|Any CPU
		{5317EC45-0EFD-4BB3-A4F8-845708966C4F}.Debug|Any CPU.Build.0 = Debug|Any CPU
		{5317EC45-0EFD-4BB3-A4F8-845708966C4F}.Release|Any CPU.ActiveCfg = Release|Any CPU
		{5317EC45-0EFD-4BB3-A4F8-845708966C4F}.Release|Any CPU.Build.0 = Release|Any CPU
		{18C935E5-9579-4981-855E-4159AF5B42EA}.Debug|Any CPU.ActiveCfg = Debug|Any CPU
		{18C935E5-9579-4981-855E-4159AF5B42EA}.Debug|Any CPU.Build.0 = Debug|Any CPU
		{18C935E5-9579-4981-855E-4159AF5B42EA}.Release|Any CPU.ActiveCfg = Release|Any CPU
		{18C935E5-9579-4981-855E-4159AF5B42EA}.Release|Any CPU.Build.0 = Release|Any CPU
		{6E0D1D5B-D41E-4308-8CB8-206F54E7CD02}.Debug|Any CPU.ActiveCfg = Debug|Any CPU
		{6E0D1D5B-D41E-4308-8CB8-206F54E7CD02}.Debug|Any CPU.Build.0 = Debug|Any CPU
		{6E0D1D5B-D41E-4308-8CB8-206F54E7CD02}.Release|Any CPU.ActiveCfg = Release|Any CPU
		{6E0D1D5B-D41E-4308-8CB8-206F54E7CD02}.Release|Any CPU.Build.0 = Release|Any CPU
		{84A92F1F-8B7C-4015-8CFD-E57CDFA41198}.Debug|Any CPU.ActiveCfg = Debug|Any CPU
		{84A92F1F-8B7C-4015-8CFD-E57CDFA41198}.Debug|Any CPU.Build.0 = Debug|Any CPU
		{84A92F1F-8B7C-4015-8CFD-E57CDFA41198}.Release|Any CPU.ActiveCfg = Release|Any CPU
		{84A92F1F-8B7C-4015-8CFD-E57CDFA41198}.Release|Any CPU.Build.0 = Release|Any CPU
		{0CE1E10D-3D2E-46FF-88F2-66A55CF331C3}.Debug|Any CPU.ActiveCfg = Debug|Any CPU
		{0CE1E10D-3D2E-46FF-88F2-66A55CF331C3}.Debug|Any CPU.Build.0 = Debug|Any CPU
		{0CE1E10D-3D2E-46FF-88F2-66A55CF331C3}.Release|Any CPU.ActiveCfg = Release|Any CPU
		{0CE1E10D-3D2E-46FF-88F2-66A55CF331C3}.Release|Any CPU.Build.0 = Release|Any CPU
		{A8D6E859-EA31-4B8E-85E5-6ABC03D0A596}.Debug|Any CPU.ActiveCfg = Debug|Any CPU
		{A8D6E859-EA31-4B8E-85E5-6ABC03D0A596}.Debug|Any CPU.Build.0 = Debug|Any CPU
		{A8D6E859-EA31-4B8E-85E5-6ABC03D0A596}.Release|Any CPU.ActiveCfg = Release|Any CPU
		{A8D6E859-EA31-4B8E-85E5-6ABC03D0A596}.Release|Any CPU.Build.0 = Release|Any CPU
		{2CE2CBEF-61A6-49B0-8522-EE143C7D49D6}.Debug|Any CPU.ActiveCfg = Debug|Any CPU
		{2CE2CBEF-61A6-49B0-8522-EE143C7D49D6}.Debug|Any CPU.Build.0 = Debug|Any CPU
		{2CE2CBEF-61A6-49B0-8522-EE143C7D49D6}.Release|Any CPU.ActiveCfg = Release|Any CPU
		{2CE2CBEF-61A6-49B0-8522-EE143C7D49D6}.Release|Any CPU.Build.0 = Release|Any CPU
		{18237D7C-CE83-4B37-8B43-68B0FCA2A284}.Debug|Any CPU.ActiveCfg = Debug|Any CPU
		{18237D7C-CE83-4B37-8B43-68B0FCA2A284}.Debug|Any CPU.Build.0 = Debug|Any CPU
		{18237D7C-CE83-4B37-8B43-68B0FCA2A284}.Release|Any CPU.ActiveCfg = Release|Any CPU
		{18237D7C-CE83-4B37-8B43-68B0FCA2A284}.Release|Any CPU.Build.0 = Release|Any CPU
		{5F047B05-C29B-49AF-B3BD-D6BCA1DDA1E5}.Debug|Any CPU.ActiveCfg = Debug|Any CPU
		{5F047B05-C29B-49AF-B3BD-D6BCA1DDA1E5}.Debug|Any CPU.Build.0 = Debug|Any CPU
		{5F047B05-C29B-49AF-B3BD-D6BCA1DDA1E5}.Release|Any CPU.ActiveCfg = Release|Any CPU
		{5F047B05-C29B-49AF-B3BD-D6BCA1DDA1E5}.Release|Any CPU.Build.0 = Release|Any CPU
		{8D278094-4C46-4B49-8E2D-0AEC6D12774D}.Debug|Any CPU.ActiveCfg = Debug|Any CPU
		{8D278094-4C46-4B49-8E2D-0AEC6D12774D}.Debug|Any CPU.Build.0 = Debug|Any CPU
		{8D278094-4C46-4B49-8E2D-0AEC6D12774D}.Release|Any CPU.ActiveCfg = Release|Any CPU
		{8D278094-4C46-4B49-8E2D-0AEC6D12774D}.Release|Any CPU.Build.0 = Release|Any CPU
		{C187B764-C925-4E98-AB3A-6C386B75F585}.Debug|Any CPU.ActiveCfg = Debug|Any CPU
		{C187B764-C925-4E98-AB3A-6C386B75F585}.Debug|Any CPU.Build.0 = Debug|Any CPU
		{C187B764-C925-4E98-AB3A-6C386B75F585}.Release|Any CPU.ActiveCfg = Release|Any CPU
		{C187B764-C925-4E98-AB3A-6C386B75F585}.Release|Any CPU.Build.0 = Release|Any CPU
		{326D4F12-89C0-4897-B5E0-C3F985962E68}.Debug|Any CPU.ActiveCfg = Debug|Any CPU
		{326D4F12-89C0-4897-B5E0-C3F985962E68}.Debug|Any CPU.Build.0 = Debug|Any CPU
		{326D4F12-89C0-4897-B5E0-C3F985962E68}.Release|Any CPU.ActiveCfg = Release|Any CPU
		{326D4F12-89C0-4897-B5E0-C3F985962E68}.Release|Any CPU.Build.0 = Release|Any CPU
		{08136C6C-137C-4CB9-92F9-F9CA1C0BB447}.Debug|Any CPU.ActiveCfg = Debug|Any CPU
		{08136C6C-137C-4CB9-92F9-F9CA1C0BB447}.Debug|Any CPU.Build.0 = Debug|Any CPU
		{08136C6C-137C-4CB9-92F9-F9CA1C0BB447}.Release|Any CPU.ActiveCfg = Release|Any CPU
		{08136C6C-137C-4CB9-92F9-F9CA1C0BB447}.Release|Any CPU.Build.0 = Release|Any CPU
		{521F3459-E2BA-498E-9198-A096C9A9FFF5}.Debug|Any CPU.ActiveCfg = Debug|Any CPU
		{521F3459-E2BA-498E-9198-A096C9A9FFF5}.Debug|Any CPU.Build.0 = Debug|Any CPU
		{521F3459-E2BA-498E-9198-A096C9A9FFF5}.Release|Any CPU.ActiveCfg = Release|Any CPU
		{521F3459-E2BA-498E-9198-A096C9A9FFF5}.Release|Any CPU.Build.0 = Release|Any CPU
		{C8BD5A60-4D5C-4F28-9581-02B37C2A75EA}.Debug|Any CPU.ActiveCfg = Debug|Any CPU
		{C8BD5A60-4D5C-4F28-9581-02B37C2A75EA}.Debug|Any CPU.Build.0 = Debug|Any CPU
		{C8BD5A60-4D5C-4F28-9581-02B37C2A75EA}.Release|Any CPU.ActiveCfg = Release|Any CPU
		{C8BD5A60-4D5C-4F28-9581-02B37C2A75EA}.Release|Any CPU.Build.0 = Release|Any CPU
		{A3F47FB6-94C5-42D6-83DE-5C8DEBA5CAF1}.Debug|Any CPU.ActiveCfg = Debug|Any CPU
		{A3F47FB6-94C5-42D6-83DE-5C8DEBA5CAF1}.Debug|Any CPU.Build.0 = Debug|Any CPU
		{A3F47FB6-94C5-42D6-83DE-5C8DEBA5CAF1}.Release|Any CPU.ActiveCfg = Release|Any CPU
		{A3F47FB6-94C5-42D6-83DE-5C8DEBA5CAF1}.Release|Any CPU.Build.0 = Release|Any CPU
		{7A42DFAB-6CA6-4281-A00D-4196E68E5E84}.Debug|Any CPU.ActiveCfg = Debug|Any CPU
		{7A42DFAB-6CA6-4281-A00D-4196E68E5E84}.Debug|Any CPU.Build.0 = Debug|Any CPU
		{7A42DFAB-6CA6-4281-A00D-4196E68E5E84}.Release|Any CPU.ActiveCfg = Release|Any CPU
		{7A42DFAB-6CA6-4281-A00D-4196E68E5E84}.Release|Any CPU.Build.0 = Release|Any CPU
		{88A98244-47A3-4D0E-AACD-4CBA074B0DBB}.Debug|Any CPU.ActiveCfg = Debug|Any CPU
		{88A98244-47A3-4D0E-AACD-4CBA074B0DBB}.Debug|Any CPU.Build.0 = Debug|Any CPU
		{88A98244-47A3-4D0E-AACD-4CBA074B0DBB}.Release|Any CPU.ActiveCfg = Release|Any CPU
		{88A98244-47A3-4D0E-AACD-4CBA074B0DBB}.Release|Any CPU.Build.0 = Release|Any CPU
		{1F5F9FE1-2797-4857-8F47-A490AF7CD648}.Debug|Any CPU.ActiveCfg = Debug|Any CPU
		{1F5F9FE1-2797-4857-8F47-A490AF7CD648}.Debug|Any CPU.Build.0 = Debug|Any CPU
		{1F5F9FE1-2797-4857-8F47-A490AF7CD648}.Release|Any CPU.ActiveCfg = Release|Any CPU
		{1F5F9FE1-2797-4857-8F47-A490AF7CD648}.Release|Any CPU.Build.0 = Release|Any CPU
		{3AF2CE9E-DDBE-4F86-8B8F-FCAD91C7CE99}.Debug|Any CPU.ActiveCfg = Debug|Any CPU
		{3AF2CE9E-DDBE-4F86-8B8F-FCAD91C7CE99}.Debug|Any CPU.Build.0 = Debug|Any CPU
		{3AF2CE9E-DDBE-4F86-8B8F-FCAD91C7CE99}.Release|Any CPU.ActiveCfg = Release|Any CPU
		{3AF2CE9E-DDBE-4F86-8B8F-FCAD91C7CE99}.Release|Any CPU.Build.0 = Release|Any CPU
		{914CFA65-7353-4EC0-933C-C879ECA54CCE}.Debug|Any CPU.ActiveCfg = Debug|Any CPU
		{914CFA65-7353-4EC0-933C-C879ECA54CCE}.Debug|Any CPU.Build.0 = Debug|Any CPU
		{914CFA65-7353-4EC0-933C-C879ECA54CCE}.Release|Any CPU.ActiveCfg = Release|Any CPU
		{914CFA65-7353-4EC0-933C-C879ECA54CCE}.Release|Any CPU.Build.0 = Release|Any CPU
		{D33654EA-C1E2-4D17-B0B1-66B3762F8768}.Debug|Any CPU.ActiveCfg = Debug|Any CPU
		{D33654EA-C1E2-4D17-B0B1-66B3762F8768}.Debug|Any CPU.Build.0 = Debug|Any CPU
		{D33654EA-C1E2-4D17-B0B1-66B3762F8768}.Release|Any CPU.ActiveCfg = Release|Any CPU
		{D33654EA-C1E2-4D17-B0B1-66B3762F8768}.Release|Any CPU.Build.0 = Release|Any CPU
		{EE549AD4-EE6D-4350-AD69-09C2B27897FC}.Debug|Any CPU.ActiveCfg = Debug|Any CPU
		{EE549AD4-EE6D-4350-AD69-09C2B27897FC}.Debug|Any CPU.Build.0 = Debug|Any CPU
		{EE549AD4-EE6D-4350-AD69-09C2B27897FC}.Release|Any CPU.ActiveCfg = Release|Any CPU
		{EE549AD4-EE6D-4350-AD69-09C2B27897FC}.Release|Any CPU.Build.0 = Release|Any CPU
		{5200B974-558A-4974-B8E7-57E172A1B0AB}.Debug|Any CPU.ActiveCfg = Debug|Any CPU
		{5200B974-558A-4974-B8E7-57E172A1B0AB}.Debug|Any CPU.Build.0 = Debug|Any CPU
		{5200B974-558A-4974-B8E7-57E172A1B0AB}.Release|Any CPU.ActiveCfg = Release|Any CPU
		{5200B974-558A-4974-B8E7-57E172A1B0AB}.Release|Any CPU.Build.0 = Release|Any CPU
		{F610C35C-EEDE-4645-A214-F53B86EB5A8E}.Debug|Any CPU.ActiveCfg = Debug|Any CPU
		{F610C35C-EEDE-4645-A214-F53B86EB5A8E}.Debug|Any CPU.Build.0 = Debug|Any CPU
		{F610C35C-EEDE-4645-A214-F53B86EB5A8E}.Release|Any CPU.ActiveCfg = Release|Any CPU
		{F610C35C-EEDE-4645-A214-F53B86EB5A8E}.Release|Any CPU.Build.0 = Release|Any CPU
		{29E72B95-3629-42A1-BC51-1738804F0F4C}.Debug|Any CPU.ActiveCfg = Debug|Any CPU
		{29E72B95-3629-42A1-BC51-1738804F0F4C}.Debug|Any CPU.Build.0 = Debug|Any CPU
		{29E72B95-3629-42A1-BC51-1738804F0F4C}.Release|Any CPU.ActiveCfg = Release|Any CPU
		{29E72B95-3629-42A1-BC51-1738804F0F4C}.Release|Any CPU.Build.0 = Release|Any CPU
		{C01940D0-9B6D-4F94-A55A-AAD8233E737C}.Debug|Any CPU.ActiveCfg = Debug|Any CPU
		{C01940D0-9B6D-4F94-A55A-AAD8233E737C}.Debug|Any CPU.Build.0 = Debug|Any CPU
		{C01940D0-9B6D-4F94-A55A-AAD8233E737C}.Release|Any CPU.ActiveCfg = Release|Any CPU
		{C01940D0-9B6D-4F94-A55A-AAD8233E737C}.Release|Any CPU.Build.0 = Release|Any CPU
		{AF5ABE51-FA7F-4EB9-9DF7-79DB6A4AB176}.Debug|Any CPU.ActiveCfg = Debug|Any CPU
		{AF5ABE51-FA7F-4EB9-9DF7-79DB6A4AB176}.Debug|Any CPU.Build.0 = Debug|Any CPU
		{AF5ABE51-FA7F-4EB9-9DF7-79DB6A4AB176}.Release|Any CPU.ActiveCfg = Release|Any CPU
		{AF5ABE51-FA7F-4EB9-9DF7-79DB6A4AB176}.Release|Any CPU.Build.0 = Release|Any CPU
		{6A4A89F2-71C9-401B-B57D-5BBD40E11E87}.Debug|Any CPU.ActiveCfg = Debug|Any CPU
		{6A4A89F2-71C9-401B-B57D-5BBD40E11E87}.Debug|Any CPU.Build.0 = Debug|Any CPU
		{6A4A89F2-71C9-401B-B57D-5BBD40E11E87}.Release|Any CPU.ActiveCfg = Release|Any CPU
		{6A4A89F2-71C9-401B-B57D-5BBD40E11E87}.Release|Any CPU.Build.0 = Release|Any CPU
		{744F43B0-971A-4676-AF06-31E08349A1E6}.Debug|Any CPU.ActiveCfg = Debug|Any CPU
		{744F43B0-971A-4676-AF06-31E08349A1E6}.Debug|Any CPU.Build.0 = Debug|Any CPU
		{744F43B0-971A-4676-AF06-31E08349A1E6}.Release|Any CPU.ActiveCfg = Release|Any CPU
		{744F43B0-971A-4676-AF06-31E08349A1E6}.Release|Any CPU.Build.0 = Release|Any CPU
		{317CCA70-7163-40C8-8EC3-35A29EFC8B7F}.Debug|Any CPU.ActiveCfg = Debug|Any CPU
		{317CCA70-7163-40C8-8EC3-35A29EFC8B7F}.Debug|Any CPU.Build.0 = Debug|Any CPU
		{317CCA70-7163-40C8-8EC3-35A29EFC8B7F}.Release|Any CPU.ActiveCfg = Release|Any CPU
		{317CCA70-7163-40C8-8EC3-35A29EFC8B7F}.Release|Any CPU.Build.0 = Release|Any CPU
	EndGlobalSection
	GlobalSection(SolutionProperties) = preSolution
		HideSolutionNode = FALSE
	EndGlobalSection
	GlobalSection(ExtensibilityGlobals) = postSolution
		SolutionGuid = {7C6B9791-66DA-4777-9B7A-9EB035BC7A57}
	EndGlobalSection
EndGlobal
